
Microsoft Visual Studio Solution File, Format Version 12.00
# Visual Studio 15
VisualStudioVersion = 15.0.27428.2005
MinimumVisualStudioVersion = 10.0.40219.1
Project("{FAE04EC0-301F-11D3-BF4B-00C04F79EFBC}") = "DemoMenuMasterDetail.Android", "DemoMenuMasterDetail\DemoMenuMasterDetail.Android\DemoMenuMasterDetail.Android.csproj", "{B47EDD19-79F5-45EB-8559-EED4F08314C8}"
EndProject
Project("{FAE04EC0-301F-11D3-BF4B-00C04F79EFBC}") = "DemoMenuMasterDetail.iOS", "DemoMenuMasterDetail\DemoMenuMasterDetail.iOS\DemoMenuMasterDetail.iOS.csproj", "{BA9A7712-54F4-4141-B068-76D45CFE080D}"
EndProject
Project("{FAE04EC0-301F-11D3-BF4B-00C04F79EFBC}") = "DemoMenuMasterDetail", "DemoMenuMasterDetail\DemoMenuMasterDetail\DemoMenuMasterDetail.csproj", "{FC83BCDE-FD71-4928-B3EE-11C25411B3F9}"
EndProject
Global
	GlobalSection(SolutionConfigurationPlatforms) = preSolution
		Ad-Hoc|Any CPU = Ad-Hoc|Any CPU
		Ad-Hoc|iPhone = Ad-Hoc|iPhone
		Ad-Hoc|iPhoneSimulator = Ad-Hoc|iPhoneSimulator
		AppStore|Any CPU = AppStore|Any CPU
		AppStore|iPhone = AppStore|iPhone
		AppStore|iPhoneSimulator = AppStore|iPhoneSimulator
		Debug|Any CPU = Debug|Any CPU
		Debug|iPhone = Debug|iPhone
		Debug|iPhoneSimulator = Debug|iPhoneSimulator
		Release|Any CPU = Release|Any CPU
		Release|iPhone = Release|iPhone
		Release|iPhoneSimulator = Release|iPhoneSimulator
	EndGlobalSection
	GlobalSection(ProjectConfigurationPlatforms) = postSolution
		{B47EDD19-79F5-45EB-8559-EED4F08314C8}.Ad-Hoc|Any CPU.ActiveCfg = Release|Any CPU
		{B47EDD19-79F5-45EB-8559-EED4F08314C8}.Ad-Hoc|Any CPU.Build.0 = Release|Any CPU
		{B47EDD19-79F5-45EB-8559-EED4F08314C8}.Ad-Hoc|Any CPU.Deploy.0 = Release|Any CPU
		{B47EDD19-79F5-45EB-8559-EED4F08314C8}.Ad-Hoc|iPhone.ActiveCfg = Release|Any CPU
		{B47EDD19-79F5-45EB-8559-EED4F08314C8}.Ad-Hoc|iPhone.Build.0 = Release|Any CPU
		{B47EDD19-79F5-45EB-8559-EED4F08314C8}.Ad-Hoc|iPhone.Deploy.0 = Release|Any CPU
		{B47EDD19-79F5-45EB-8559-EED4F08314C8}.Ad-Hoc|iPhoneSimulator.ActiveCfg = Release|Any CPU
		{B47EDD19-79F5-45EB-8559-EED4F08314C8}.Ad-Hoc|iPhoneSimulator.Build.0 = Release|Any CPU
		{B47EDD19-79F5-45EB-8559-EED4F08314C8}.Ad-Hoc|iPhoneSimulator.Deploy.0 = Release|Any CPU
		{B47EDD19-79F5-45EB-8559-EED4F08314C8}.AppStore|Any CPU.ActiveCfg = Release|Any CPU
		{B47EDD19-79F5-45EB-8559-EED4F08314C8}.AppStore|Any CPU.Build.0 = Release|Any CPU
		{B47EDD19-79F5-45EB-8559-EED4F08314C8}.AppStore|Any CPU.Deploy.0 = Release|Any CPU
		{B47EDD19-79F5-45EB-8559-EED4F08314C8}.AppStore|iPhone.ActiveCfg = Release|Any CPU
		{B47EDD19-79F5-45EB-8559-EED4F08314C8}.AppStore|iPhone.Build.0 = Release|Any CPU
		{B47EDD19-79F5-45EB-8559-EED4F08314C8}.AppStore|iPhone.Deploy.0 = Release|Any CPU
		{B47EDD19-79F5-45EB-8559-EED4F08314C8}.AppStore|iPhoneSimulator.ActiveCfg = Release|Any CPU
		{B47EDD19-79F5-45EB-8559-EED4F08314C8}.AppStore|iPhoneSimulator.Build.0 = Release|Any CPU
		{B47EDD19-79F5-45EB-8559-EED4F08314C8}.AppStore|iPhoneSimulator.Deploy.0 = Release|Any CPU
		{B47EDD19-79F5-45EB-8559-EED4F08314C8}.Debug|Any CPU.ActiveCfg = Debug|Any CPU
		{B47EDD19-79F5-45EB-8559-EED4F08314C8}.Debug|Any CPU.Build.0 = Debug|Any CPU
		{B47EDD19-79F5-45EB-8559-EED4F08314C8}.Debug|Any CPU.Deploy.0 = Debug|Any CPU
		{B47EDD19-79F5-45EB-8559-EED4F08314C8}.Debug|iPhone.ActiveCfg = Debug|Any CPU
		{B47EDD19-79F5-45EB-8559-EED4F08314C8}.Debug|iPhone.Build.0 = Debug|Any CPU
		{B47EDD19-79F5-45EB-8559-EED4F08314C8}.Debug|iPhone.Deploy.0 = Debug|Any CPU
		{B47EDD19-79F5-45EB-8559-EED4F08314C8}.Debug|iPhoneSimulator.ActiveCfg = Debug|Any CPU
		{B47EDD19-79F5-45EB-8559-EED4F08314C8}.Debug|iPhoneSimulator.Build.0 = Debug|Any CPU
		{B47EDD19-79F5-45EB-8559-EED4F08314C8}.Debug|iPhoneSimulator.Deploy.0 = Debug|Any CPU
		{B47EDD19-79F5-45EB-8559-EED4F08314C8}.Release|Any CPU.ActiveCfg = Release|Any CPU
		{B47EDD19-79F5-45EB-8559-EED4F08314C8}.Release|Any CPU.Build.0 = Release|Any CPU
		{B47EDD19-79F5-45EB-8559-EED4F08314C8}.Release|Any CPU.Deploy.0 = Release|Any CPU
		{B47EDD19-79F5-45EB-8559-EED4F08314C8}.Release|iPhone.ActiveCfg = Release|Any CPU
		{B47EDD19-79F5-45EB-8559-EED4F08314C8}.Release|iPhone.Build.0 = Release|Any CPU
		{B47EDD19-79F5-45EB-8559-EED4F08314C8}.Release|iPhone.Deploy.0 = Release|Any CPU
		{B47EDD19-79F5-45EB-8559-EED4F08314C8}.Release|iPhoneSimulator.ActiveCfg = Release|Any CPU
		{B47EDD19-79F5-45EB-8559-EED4F08314C8}.Release|iPhoneSimulator.Build.0 = Release|Any CPU
		{B47EDD19-79F5-45EB-8559-EED4F08314C8}.Release|iPhoneSimulator.Deploy.0 = Release|Any CPU
		{BA9A7712-54F4-4141-B068-76D45CFE080D}.Ad-Hoc|Any CPU.ActiveCfg = Ad-Hoc|iPhone
		{BA9A7712-54F4-4141-B068-76D45CFE080D}.Ad-Hoc|iPhone.ActiveCfg = Ad-Hoc|iPhone
		{BA9A7712-54F4-4141-B068-76D45CFE080D}.Ad-Hoc|iPhone.Build.0 = Ad-Hoc|iPhone
		{BA9A7712-54F4-4141-B068-76D45CFE080D}.Ad-Hoc|iPhoneSimulator.ActiveCfg = Ad-Hoc|iPhoneSimulator
		{BA9A7712-54F4-4141-B068-76D45CFE080D}.Ad-Hoc|iPhoneSimulator.Build.0 = Ad-Hoc|iPhoneSimulator
		{BA9A7712-54F4-4141-B068-76D45CFE080D}.AppStore|Any CPU.ActiveCfg = AppStore|iPhone
		{BA9A7712-54F4-4141-B068-76D45CFE080D}.AppStore|iPhone.ActiveCfg = AppStore|iPhone
		{BA9A7712-54F4-4141-B068-76D45CFE080D}.AppStore|iPhone.Build.0 = AppStore|iPhone
		{BA9A7712-54F4-4141-B068-76D45CFE080D}.AppStore|iPhoneSimulator.ActiveCfg = AppStore|iPhoneSimulator
		{BA9A7712-54F4-4141-B068-76D45CFE080D}.AppStore|iPhoneSimulator.Build.0 = AppStore|iPhoneSimulator
		{BA9A7712-54F4-4141-B068-76D45CFE080D}.Debug|Any CPU.ActiveCfg = Debug|iPhone
		{BA9A7712-54F4-4141-B068-76D45CFE080D}.Debug|iPhone.ActiveCfg = Debug|iPhone
		{BA9A7712-54F4-4141-B068-76D45CFE080D}.Debug|iPhone.Build.0 = Debug|iPhone
		{BA9A7712-54F4-4141-B068-76D45CFE080D}.Debug|iPhoneSimulator.ActiveCfg = Debug|iPhoneSimulator
		{BA9A7712-54F4-4141-B068-76D45CFE080D}.Debug|iPhoneSimulator.Build.0 = Debug|iPhoneSimulator
		{BA9A7712-54F4-4141-B068-76D45CFE080D}.Release|Any CPU.ActiveCfg = Release|iPhone
		{BA9A7712-54F4-4141-B068-76D45CFE080D}.Release|iPhone.ActiveCfg = Release|iPhone
		{BA9A7712-54F4-4141-B068-76D45CFE080D}.Release|iPhone.Build.0 = Release|iPhone
		{BA9A7712-54F4-4141-B068-76D45CFE080D}.Release|iPhoneSimulator.ActiveCfg = Release|iPhoneSimulator
		{BA9A7712-54F4-4141-B068-76D45CFE080D}.Release|iPhoneSimulator.Build.0 = Release|iPhoneSimulator
		{FC83BCDE-FD71-4928-B3EE-11C25411B3F9}.Ad-Hoc|Any CPU.ActiveCfg = Debug|Any CPU
		{FC83BCDE-FD71-4928-B3EE-11C25411B3F9}.Ad-Hoc|Any CPU.Build.0 = Debug|Any CPU
		{FC83BCDE-FD71-4928-B3EE-11C25411B3F9}.Ad-Hoc|iPhone.ActiveCfg = Debug|Any CPU
		{FC83BCDE-FD71-4928-B3EE-11C25411B3F9}.Ad-Hoc|iPhone.Build.0 = Debug|Any CPU
		{FC83BCDE-FD71-4928-B3EE-11C25411B3F9}.Ad-Hoc|iPhoneSimulator.ActiveCfg = Debug|Any CPU
		{FC83BCDE-FD71-4928-B3EE-11C25411B3F9}.Ad-Hoc|iPhoneSimulator.Build.0 = Debug|Any CPU
		{FC83BCDE-FD71-4928-B3EE-11C25411B3F9}.AppStore|Any CPU.ActiveCfg = Debug|Any CPU
		{FC83BCDE-FD71-4928-B3EE-11C25411B3F9}.AppStore|Any CPU.Build.0 = Debug|Any CPU
		{FC83BCDE-FD71-4928-B3EE-11C25411B3F9}.AppStore|iPhone.ActiveCfg = Debug|Any CPU
		{FC83BCDE-FD71-4928-B3EE-11C25411B3F9}.AppStore|iPhone.Build.0 = Debug|Any CPU
		{FC83BCDE-FD71-4928-B3EE-11C25411B3F9}.AppStore|iPhoneSimulator.ActiveCfg = Debug|Any CPU
		{FC83BCDE-FD71-4928-B3EE-11C25411B3F9}.AppStore|iPhoneSimulator.Build.0 = Debug|Any CPU
		{FC83BCDE-FD71-4928-B3EE-11C25411B3F9}.Debug|Any CPU.ActiveCfg = Debug|Any CPU
		{FC83BCDE-FD71-4928-B3EE-11C25411B3F9}.Debug|Any CPU.Build.0 = Debug|Any CPU
		{FC83BCDE-FD71-4928-B3EE-11C25411B3F9}.Debug|iPhone.ActiveCfg = Debug|Any CPU
		{FC83BCDE-FD71-4928-B3EE-11C25411B3F9}.Debug|iPhone.Build.0 = Debug|Any CPU
		{FC83BCDE-FD71-4928-B3EE-11C25411B3F9}.Debug|iPhoneSimulator.ActiveCfg = Debug|Any CPU
		{FC83BCDE-FD71-4928-B3EE-11C25411B3F9}.Debug|iPhoneSimulator.Build.0 = Debug|Any CPU
		{FC83BCDE-FD71-4928-B3EE-11C25411B3F9}.Release|Any CPU.ActiveCfg = Release|Any CPU
		{FC83BCDE-FD71-4928-B3EE-11C25411B3F9}.Release|Any CPU.Build.0 = Release|Any CPU
		{FC83BCDE-FD71-4928-B3EE-11C25411B3F9}.Release|iPhone.ActiveCfg = Release|Any CPU
		{FC83BCDE-FD71-4928-B3EE-11C25411B3F9}.Release|iPhone.Build.0 = Release|Any CPU
		{FC83BCDE-FD71-4928-B3EE-11C25411B3F9}.Release|iPhoneSimulator.ActiveCfg = Release|Any CPU
		{FC83BCDE-FD71-4928-B3EE-11C25411B3F9}.Release|iPhoneSimulator.Build.0 = Release|Any CPU
	EndGlobalSection
	GlobalSection(SolutionProperties) = preSolution
		HideSolutionNode = FALSE
	EndGlobalSection
	GlobalSection(ExtensibilityGlobals) = postSolution
		SolutionGuid = {F2E443AB-A653-4316-8218-0616BAFA2E18}
	EndGlobalSection
EndGlobal
